// !$*UTF8*$!
{
	archiveVersion = 1;
	classes = {
	};
	objectVersion = 48;
	objects = {

/* Begin PBXBuildFile section */
		27080CFA202650CD0071FDC0 /* Extensions.swift in Sources */ = {isa = PBXBuildFile; fileRef = 27080CF9202650CD0071FDC0 /* Extensions.swift */; };
		27080CFD2026528E0071FDC0 /* ChatView.swift in Sources */ = {isa = PBXBuildFile; fileRef = 27080CFC2026528E0071FDC0 /* ChatView.swift */; };
		270EC6EE206575630018A2A6 /* DrawingsDataStruct.swift in Sources */ = {isa = PBXBuildFile; fileRef = 270EC6ED206575630018A2A6 /* DrawingsDataStruct.swift */; };
		271C1EC7203CC5D70090D6A5 /* DrawingToolsView.swift in Sources */ = {isa = PBXBuildFile; fileRef = 271C1EC6203CC5D70090D6A5 /* DrawingToolsView.swift */; };
		271E38F720572CFC0067BD16 /* NewDrawingViewController.swift in Sources */ = {isa = PBXBuildFile; fileRef = 271E38F620572CFB0067BD16 /* NewDrawingViewController.swift */; };
		274956062058236D0053DAD4 /* DrawingTypes.swift in Sources */ = {isa = PBXBuildFile; fileRef = 274956052058236D0053DAD4 /* DrawingTypes.swift */; };
		274C0349200EF37900DDAD8D /* AppDelegate.swift in Sources */ = {isa = PBXBuildFile; fileRef = 274C0348200EF37900DDAD8D /* AppDelegate.swift */; };
		274C034B200EF37900DDAD8D /* PixelEditorViewController.swift in Sources */ = {isa = PBXBuildFile; fileRef = 274C034A200EF37900DDAD8D /* PixelEditorViewController.swift */; };
		274C034E200EF37900DDAD8D /* Main.storyboard in Resources */ = {isa = PBXBuildFile; fileRef = 274C034C200EF37900DDAD8D /* Main.storyboard */; };
		274C0350200EF37900DDAD8D /* Assets.xcassets in Resources */ = {isa = PBXBuildFile; fileRef = 274C034F200EF37900DDAD8D /* Assets.xcassets */; };
		274C035E200EF37A00DDAD8D /* PolyPaintProTests.swift in Sources */ = {isa = PBXBuildFile; fileRef = 274C035D200EF37A00DDAD8D /* PolyPaintProTests.swift */; };
		274C0369200EF37A00DDAD8D /* PolyPaintProUITests.swift in Sources */ = {isa = PBXBuildFile; fileRef = 274C0368200EF37A00DDAD8D /* PolyPaintProUITests.swift */; };
		2778DAB6205600D400690A65 /* ToolsView.swift in Sources */ = {isa = PBXBuildFile; fileRef = 2778DAB5205600D400690A65 /* ToolsView.swift */; };
		277EE1A0201280D900545404 /* assets in Resources */ = {isa = PBXBuildFile; fileRef = 277EE19F201280D900545404 /* assets */; };
		278BEF82200FB79A001CF963 /* LaunchScreen.storyboard in Resources */ = {isa = PBXBuildFile; fileRef = 278BEF81200FB79A001CF963 /* LaunchScreen.storyboard */; };
		27AD08C7202CF8FD00E7F74F /* LoginViewController.swift in Sources */ = {isa = PBXBuildFile; fileRef = 27AD08C6202CF8FD00E7F74F /* LoginViewController.swift */; };
		27C07AA62050D319006BB8EB /* RecentsViewController.swift in Sources */ = {isa = PBXBuildFile; fileRef = 27C07AA52050D319006BB8EB /* RecentsViewController.swift */; };
		27F2FE272057656C006090B5 /* OpenLocalDrawingViewController.swift in Sources */ = {isa = PBXBuildFile; fileRef = 27F2FE262057656C006090B5 /* OpenLocalDrawingViewController.swift */; };
		27F2FE2920576591006090B5 /* JoinDrawingViewController.swift in Sources */ = {isa = PBXBuildFile; fileRef = 27F2FE2820576591006090B5 /* JoinDrawingViewController.swift */; };
		27F2FE2B205765BE006090B5 /* JoinGalleryViewController.swift in Sources */ = {isa = PBXBuildFile; fileRef = 27F2FE2A205765BE006090B5 /* JoinGalleryViewController.swift */; };
		5E0C204D04A5E5DF4256E5F0 /* Pods_PolyPaintProUITests.framework in Frameworks */ = {isa = PBXBuildFile; fileRef = 286FF219782A8FA2CE1A8F1A /* Pods_PolyPaintProUITests.framework */; };
		6472425BEFE90D447BE1EFCB /* Pods_PolyPaintPro.framework in Frameworks */ = {isa = PBXBuildFile; fileRef = 03FBB77A965C181A69459178 /* Pods_PolyPaintPro.framework */; };
		AD71483325AD99B253B242F5 /* Pods_PolyPaintProTests.framework in Frameworks */ = {isa = PBXBuildFile; fileRef = 0AC961F50C2F7E8CE3CB5B4D /* Pods_PolyPaintProTests.framework */; };
		BE1FCAF02061E40900C57F02 /* SKStroke.swift in Sources */ = {isa = PBXBuildFile; fileRef = BE1FCAEF2061E40900C57F02 /* SKStroke.swift */; };
		BE23A18A202D2DC800342007 /* AccountManager.swift in Sources */ = {isa = PBXBuildFile; fileRef = BE23A188202D2DC800342007 /* AccountManager.swift */; };
		BE23A18B202D2DC800342007 /* RestManager.swift in Sources */ = {isa = PBXBuildFile; fileRef = BE23A189202D2DC800342007 /* RestManager.swift */; };
		BE2C90DA2028AEB0003C8F1E /* Timestamp.swift in Sources */ = {isa = PBXBuildFile; fileRef = BE2C90D92028AEB0003C8F1E /* Timestamp.swift */; };
		BE2C90DE202A39B7003C8F1E /* ServerLookup.swift in Sources */ = {isa = PBXBuildFile; fileRef = BE2C90DD202A39B7003C8F1E /* ServerLookup.swift */; };
		BE426A1F202102CD00FD1C50 /* SocketManager.swift in Sources */ = {isa = PBXBuildFile; fileRef = BE426A1E202102CD00FD1C50 /* SocketManager.swift */; };
		BE426A2120215E3C00FD1C50 /* ChatMessage.swift in Sources */ = {isa = PBXBuildFile; fileRef = BE426A2020215E3C00FD1C50 /* ChatMessage.swift */; };
		BE67C52F206559CF00C2EA77 /* MessageConstants.swift in Sources */ = {isa = PBXBuildFile; fileRef = BE67C52E206559CF00C2EA77 /* MessageConstants.swift */; };
		BEC3E8A22053159C009639FB /* StrokeEditorViewController.swift in Sources */ = {isa = PBXBuildFile; fileRef = BEC3E8A12053159C009639FB /* StrokeEditorViewController.swift */; };
		BEC3E8A4205317DE009639FB /* StrokeEditorScene.swift in Sources */ = {isa = PBXBuildFile; fileRef = BEC3E8A3205317DE009639FB /* StrokeEditorScene.swift */; };
		BECC087920619D4D0040EB4B /* ActionMessage.swift in Sources */ = {isa = PBXBuildFile; fileRef = BECC087820619D4D0040EB4B /* ActionMessage.swift */; };
		C067AF582059C9990078CF27 /* EditorViewController.swift in Sources */ = {isa = PBXBuildFile; fileRef = C067AF572059C9990078CF27 /* EditorViewController.swift */; };
		C067AF5F205A1A050078CF27 /* Timers.swift in Sources */ = {isa = PBXBuildFile; fileRef = C067AF5E205A1A050078CF27 /* Timers.swift */; };
		C08BE4012056D1E200525038 /* Rest.swift in Sources */ = {isa = PBXBuildFile; fileRef = C08BE4002056D1E200525038 /* Rest.swift */; };
		C0A5ECC82061C8D4007FD989 /* TextFieldValidator.swift in Sources */ = {isa = PBXBuildFile; fileRef = C0A5ECC72061C8D4007FD989 /* TextFieldValidator.swift */; };
/* End PBXBuildFile section */

/* Begin PBXContainerItemProxy section */
		274C035A200EF37A00DDAD8D /* PBXContainerItemProxy */ = {
			isa = PBXContainerItemProxy;
			containerPortal = 274C033D200EF37900DDAD8D /* Project object */;
			proxyType = 1;
			remoteGlobalIDString = 274C0344200EF37900DDAD8D;
			remoteInfo = PolyPaintPro;
		};
		274C0365200EF37A00DDAD8D /* PBXContainerItemProxy */ = {
			isa = PBXContainerItemProxy;
			containerPortal = 274C033D200EF37900DDAD8D /* Project object */;
			proxyType = 1;
			remoteGlobalIDString = 274C0344200EF37900DDAD8D;
			remoteInfo = PolyPaintPro;
		};
/* End PBXContainerItemProxy section */

/* Begin PBXFileReference section */
		015D343163E1C763189C09CE /* Pods-PolyPaintProUITests.release.xcconfig */ = {isa = PBXFileReference; includeInIndex = 1; lastKnownFileType = text.xcconfig; name = "Pods-PolyPaintProUITests.release.xcconfig"; path = "Pods/Target Support Files/Pods-PolyPaintProUITests/Pods-PolyPaintProUITests.release.xcconfig"; sourceTree = "<group>"; };
		03FBB77A965C181A69459178 /* Pods_PolyPaintPro.framework */ = {isa = PBXFileReference; explicitFileType = wrapper.framework; includeInIndex = 0; path = Pods_PolyPaintPro.framework; sourceTree = BUILT_PRODUCTS_DIR; };
		0AC961F50C2F7E8CE3CB5B4D /* Pods_PolyPaintProTests.framework */ = {isa = PBXFileReference; explicitFileType = wrapper.framework; includeInIndex = 0; path = Pods_PolyPaintProTests.framework; sourceTree = BUILT_PRODUCTS_DIR; };
		27080CF9202650CD0071FDC0 /* Extensions.swift */ = {isa = PBXFileReference; lastKnownFileType = sourcecode.swift; path = Extensions.swift; sourceTree = "<group>"; };
		27080CFC2026528E0071FDC0 /* ChatView.swift */ = {isa = PBXFileReference; lastKnownFileType = sourcecode.swift; path = ChatView.swift; sourceTree = "<group>"; };
		270EC6ED206575630018A2A6 /* DrawingsDataStruct.swift */ = {isa = PBXFileReference; lastKnownFileType = sourcecode.swift; path = DrawingsDataStruct.swift; sourceTree = "<group>"; };
		271C1EC6203CC5D70090D6A5 /* DrawingToolsView.swift */ = {isa = PBXFileReference; lastKnownFileType = sourcecode.swift; path = DrawingToolsView.swift; sourceTree = "<group>"; };
		271E38F620572CFB0067BD16 /* NewDrawingViewController.swift */ = {isa = PBXFileReference; lastKnownFileType = sourcecode.swift; path = NewDrawingViewController.swift; sourceTree = "<group>"; };
		274956052058236D0053DAD4 /* DrawingTypes.swift */ = {isa = PBXFileReference; lastKnownFileType = sourcecode.swift; path = DrawingTypes.swift; sourceTree = "<group>"; };
		274C0345200EF37900DDAD8D /* PolyPaintPro.app */ = {isa = PBXFileReference; explicitFileType = wrapper.application; includeInIndex = 0; path = PolyPaintPro.app; sourceTree = BUILT_PRODUCTS_DIR; };
		274C0348200EF37900DDAD8D /* AppDelegate.swift */ = {isa = PBXFileReference; lastKnownFileType = sourcecode.swift; path = AppDelegate.swift; sourceTree = "<group>"; usesTabs = 1; };
		274C034A200EF37900DDAD8D /* PixelEditorViewController.swift */ = {isa = PBXFileReference; lastKnownFileType = sourcecode.swift; path = PixelEditorViewController.swift; sourceTree = "<group>"; };
		274C034D200EF37900DDAD8D /* Base */ = {isa = PBXFileReference; lastKnownFileType = file.storyboard; name = Base; path = Base.lproj/Main.storyboard; sourceTree = "<group>"; };
		274C034F200EF37900DDAD8D /* Assets.xcassets */ = {isa = PBXFileReference; lastKnownFileType = folder.assetcatalog; path = Assets.xcassets; sourceTree = "<group>"; };
		274C0354200EF37900DDAD8D /* Info.plist */ = {isa = PBXFileReference; lastKnownFileType = text.plist.xml; path = Info.plist; sourceTree = "<group>"; };
		274C0359200EF37A00DDAD8D /* PolyPaintProTests.xctest */ = {isa = PBXFileReference; explicitFileType = wrapper.cfbundle; includeInIndex = 0; path = PolyPaintProTests.xctest; sourceTree = BUILT_PRODUCTS_DIR; };
		274C035D200EF37A00DDAD8D /* PolyPaintProTests.swift */ = {isa = PBXFileReference; lastKnownFileType = sourcecode.swift; path = PolyPaintProTests.swift; sourceTree = "<group>"; };
		274C035F200EF37A00DDAD8D /* Info.plist */ = {isa = PBXFileReference; lastKnownFileType = text.plist.xml; path = Info.plist; sourceTree = "<group>"; };
		274C0364200EF37A00DDAD8D /* PolyPaintProUITests.xctest */ = {isa = PBXFileReference; explicitFileType = wrapper.cfbundle; includeInIndex = 0; path = PolyPaintProUITests.xctest; sourceTree = BUILT_PRODUCTS_DIR; };
		274C0368200EF37A00DDAD8D /* PolyPaintProUITests.swift */ = {isa = PBXFileReference; lastKnownFileType = sourcecode.swift; path = PolyPaintProUITests.swift; sourceTree = "<group>"; };
		274C036A200EF37A00DDAD8D /* Info.plist */ = {isa = PBXFileReference; lastKnownFileType = text.plist.xml; path = Info.plist; sourceTree = "<group>"; };
		2778DAB5205600D400690A65 /* ToolsView.swift */ = {isa = PBXFileReference; lastKnownFileType = sourcecode.swift; path = ToolsView.swift; sourceTree = "<group>"; };
		277EE19F201280D900545404 /* assets */ = {isa = PBXFileReference; lastKnownFileType = folder; path = assets; sourceTree = "<group>"; };
		278BEF81200FB79A001CF963 /* LaunchScreen.storyboard */ = {isa = PBXFileReference; lastKnownFileType = file.storyboard; path = LaunchScreen.storyboard; sourceTree = "<group>"; };
		27AD08C6202CF8FD00E7F74F /* LoginViewController.swift */ = {isa = PBXFileReference; lastKnownFileType = sourcecode.swift; path = LoginViewController.swift; sourceTree = "<group>"; };
		27C07AA52050D319006BB8EB /* RecentsViewController.swift */ = {isa = PBXFileReference; lastKnownFileType = sourcecode.swift; path = RecentsViewController.swift; sourceTree = "<group>"; };
		27F2FE262057656C006090B5 /* OpenLocalDrawingViewController.swift */ = {isa = PBXFileReference; lastKnownFileType = sourcecode.swift; path = OpenLocalDrawingViewController.swift; sourceTree = "<group>"; };
		27F2FE2820576591006090B5 /* JoinDrawingViewController.swift */ = {isa = PBXFileReference; lastKnownFileType = sourcecode.swift; path = JoinDrawingViewController.swift; sourceTree = "<group>"; };
		27F2FE2A205765BE006090B5 /* JoinGalleryViewController.swift */ = {isa = PBXFileReference; lastKnownFileType = sourcecode.swift; path = JoinGalleryViewController.swift; sourceTree = "<group>"; };
		286FF219782A8FA2CE1A8F1A /* Pods_PolyPaintProUITests.framework */ = {isa = PBXFileReference; explicitFileType = wrapper.framework; includeInIndex = 0; path = Pods_PolyPaintProUITests.framework; sourceTree = BUILT_PRODUCTS_DIR; };
		3200A611B497DF6670D12C3E /* Pods-PolyPaintProUITests.debug.xcconfig */ = {isa = PBXFileReference; includeInIndex = 1; lastKnownFileType = text.xcconfig; name = "Pods-PolyPaintProUITests.debug.xcconfig"; path = "Pods/Target Support Files/Pods-PolyPaintProUITests/Pods-PolyPaintProUITests.debug.xcconfig"; sourceTree = "<group>"; };
		4D43B83FC6843C82E02F9864 /* Pods-PolyPaintProTests.debug.xcconfig */ = {isa = PBXFileReference; includeInIndex = 1; lastKnownFileType = text.xcconfig; name = "Pods-PolyPaintProTests.debug.xcconfig"; path = "Pods/Target Support Files/Pods-PolyPaintProTests/Pods-PolyPaintProTests.debug.xcconfig"; sourceTree = "<group>"; };
		5018986DF83B4B9BB3B17B98 /* Pods-PolyPaintPro.debug.xcconfig */ = {isa = PBXFileReference; includeInIndex = 1; lastKnownFileType = text.xcconfig; name = "Pods-PolyPaintPro.debug.xcconfig"; path = "Pods/Target Support Files/Pods-PolyPaintPro/Pods-PolyPaintPro.debug.xcconfig"; sourceTree = "<group>"; };
		5BC84467F4E78A5C51D80C35 /* Pods-PolyPaintProTests.release.xcconfig */ = {isa = PBXFileReference; includeInIndex = 1; lastKnownFileType = text.xcconfig; name = "Pods-PolyPaintProTests.release.xcconfig"; path = "Pods/Target Support Files/Pods-PolyPaintProTests/Pods-PolyPaintProTests.release.xcconfig"; sourceTree = "<group>"; };
		BE1FCAEF2061E40900C57F02 /* SKStroke.swift */ = {isa = PBXFileReference; lastKnownFileType = sourcecode.swift; path = SKStroke.swift; sourceTree = "<group>"; };
		BE23A188202D2DC800342007 /* AccountManager.swift */ = {isa = PBXFileReference; fileEncoding = 4; lastKnownFileType = sourcecode.swift; path = AccountManager.swift; sourceTree = "<group>"; };
		BE23A189202D2DC800342007 /* RestManager.swift */ = {isa = PBXFileReference; fileEncoding = 4; lastKnownFileType = sourcecode.swift; path = RestManager.swift; sourceTree = "<group>"; };
		BE2C90D92028AEB0003C8F1E /* Timestamp.swift */ = {isa = PBXFileReference; lastKnownFileType = sourcecode.swift; path = Timestamp.swift; sourceTree = "<group>"; };
		BE2C90DD202A39B7003C8F1E /* ServerLookup.swift */ = {isa = PBXFileReference; fileEncoding = 4; lastKnownFileType = sourcecode.swift; path = ServerLookup.swift; sourceTree = "<group>"; };
		BE426A1E202102CD00FD1C50 /* SocketManager.swift */ = {isa = PBXFileReference; lastKnownFileType = sourcecode.swift; path = SocketManager.swift; sourceTree = "<group>"; };
		BE426A2020215E3C00FD1C50 /* ChatMessage.swift */ = {isa = PBXFileReference; lastKnownFileType = sourcecode.swift; path = ChatMessage.swift; sourceTree = "<group>"; };
		BE4B72A2202CE72F004205E8 /* Login.swift */ = {isa = PBXFileReference; lastKnownFileType = sourcecode.swift; path = Login.swift; sourceTree = "<group>"; };
		BE4B72A4202CE9A1004205E8 /* AccountManager.swift */ = {isa = PBXFileReference; lastKnownFileType = sourcecode.swift; path = AccountManager.swift; sourceTree = "<group>"; };
		BE67C52E206559CF00C2EA77 /* MessageConstants.swift */ = {isa = PBXFileReference; lastKnownFileType = sourcecode.swift; path = MessageConstants.swift; sourceTree = "<group>"; };
		BEC3E8A12053159C009639FB /* StrokeEditorViewController.swift */ = {isa = PBXFileReference; lastKnownFileType = sourcecode.swift; path = StrokeEditorViewController.swift; sourceTree = "<group>"; };
		BEC3E8A3205317DE009639FB /* StrokeEditorScene.swift */ = {isa = PBXFileReference; lastKnownFileType = sourcecode.swift; path = StrokeEditorScene.swift; sourceTree = "<group>"; };
		BECC087820619D4D0040EB4B /* ActionMessage.swift */ = {isa = PBXFileReference; lastKnownFileType = sourcecode.swift; path = ActionMessage.swift; sourceTree = "<group>"; };
		C067AF572059C9990078CF27 /* EditorViewController.swift */ = {isa = PBXFileReference; lastKnownFileType = sourcecode.swift; path = EditorViewController.swift; sourceTree = "<group>"; };
		C067AF5E205A1A050078CF27 /* Timers.swift */ = {isa = PBXFileReference; lastKnownFileType = sourcecode.swift; path = Timers.swift; sourceTree = "<group>"; };
		C08BE4002056D1E200525038 /* Rest.swift */ = {isa = PBXFileReference; lastKnownFileType = sourcecode.swift; path = Rest.swift; sourceTree = "<group>"; };
		C0A5ECC72061C8D4007FD989 /* TextFieldValidator.swift */ = {isa = PBXFileReference; lastKnownFileType = sourcecode.swift; path = TextFieldValidator.swift; sourceTree = "<group>"; };
		E10C1B5411A3AD25B25EAA1B /* Pods-PolyPaintPro.release.xcconfig */ = {isa = PBXFileReference; includeInIndex = 1; lastKnownFileType = text.xcconfig; name = "Pods-PolyPaintPro.release.xcconfig"; path = "Pods/Target Support Files/Pods-PolyPaintPro/Pods-PolyPaintPro.release.xcconfig"; sourceTree = "<group>"; };
/* End PBXFileReference section */

/* Begin PBXFrameworksBuildPhase section */
		274C0342200EF37900DDAD8D /* Frameworks */ = {
			isa = PBXFrameworksBuildPhase;
			buildActionMask = 2147483647;
			files = (
				6472425BEFE90D447BE1EFCB /* Pods_PolyPaintPro.framework in Frameworks */,
			);
			runOnlyForDeploymentPostprocessing = 0;
		};
		274C0356200EF37A00DDAD8D /* Frameworks */ = {
			isa = PBXFrameworksBuildPhase;
			buildActionMask = 2147483647;
			files = (
				AD71483325AD99B253B242F5 /* Pods_PolyPaintProTests.framework in Frameworks */,
			);
			runOnlyForDeploymentPostprocessing = 0;
		};
		274C0361200EF37A00DDAD8D /* Frameworks */ = {
			isa = PBXFrameworksBuildPhase;
			buildActionMask = 2147483647;
			files = (
				5E0C204D04A5E5DF4256E5F0 /* Pods_PolyPaintProUITests.framework in Frameworks */,
			);
			runOnlyForDeploymentPostprocessing = 0;
		};
/* End PBXFrameworksBuildPhase section */

/* Begin PBXGroup section */
		0BDCAE7C2CBB68FB08E581FC /* Pods */ = {
			isa = PBXGroup;
			children = (
				5018986DF83B4B9BB3B17B98 /* Pods-PolyPaintPro.debug.xcconfig */,
				E10C1B5411A3AD25B25EAA1B /* Pods-PolyPaintPro.release.xcconfig */,
				4D43B83FC6843C82E02F9864 /* Pods-PolyPaintProTests.debug.xcconfig */,
				5BC84467F4E78A5C51D80C35 /* Pods-PolyPaintProTests.release.xcconfig */,
				3200A611B497DF6670D12C3E /* Pods-PolyPaintProUITests.debug.xcconfig */,
				015D343163E1C763189C09CE /* Pods-PolyPaintProUITests.release.xcconfig */,
			);
			name = Pods;
			sourceTree = "<group>";
		};
		27080CF6202650250071FDC0 /* View */ = {
			isa = PBXGroup;
			children = (
				27080CFC2026528E0071FDC0 /* ChatView.swift */,
				271C1EC6203CC5D70090D6A5 /* DrawingToolsView.swift */,
				BEC3E8A3205317DE009639FB /* StrokeEditorScene.swift */,
				2778DAB5205600D400690A65 /* ToolsView.swift */,
			);
			path = View;
			sourceTree = "<group>";
		};
		27080CF72026508F0071FDC0 /* Controller */ = {
			isa = PBXGroup;
			children = (
				C0A5ECC62061C89E007FD989 /* Validators */,
				27AD08C6202CF8FD00E7F74F /* LoginViewController.swift */,
				27C07AA52050D319006BB8EB /* RecentsViewController.swift */,
				271E38F620572CFB0067BD16 /* NewDrawingViewController.swift */,
				27F2FE262057656C006090B5 /* OpenLocalDrawingViewController.swift */,
				27F2FE2820576591006090B5 /* JoinDrawingViewController.swift */,
				27F2FE2A205765BE006090B5 /* JoinGalleryViewController.swift */,
				BEC3E8A12053159C009639FB /* StrokeEditorViewController.swift */,
				274C034A200EF37900DDAD8D /* PixelEditorViewController.swift */,
				C067AF572059C9990078CF27 /* EditorViewController.swift */,
			);
			path = Controller;
			sourceTree = "<group>";
		};
		27080CF8202650AD0071FDC0 /* Helpers */ = {
			isa = PBXGroup;
			children = (
				BE23A188202D2DC800342007 /* AccountManager.swift */,
				BE23A189202D2DC800342007 /* RestManager.swift */,
				27080CF9202650CD0071FDC0 /* Extensions.swift */,
				BE426A1E202102CD00FD1C50 /* SocketManager.swift */,
				BE426A2020215E3C00FD1C50 /* ChatMessage.swift */,
				BE2C90DD202A39B7003C8F1E /* ServerLookup.swift */,
				BE2C90D92028AEB0003C8F1E /* Timestamp.swift */,
				C067AF5E205A1A050078CF27 /* Timers.swift */,
				BECC087820619D4D0040EB4B /* ActionMessage.swift */,
				BE1FCAEF2061E40900C57F02 /* SKStroke.swift */,
				BE67C52E206559CF00C2EA77 /* MessageConstants.swift */,
                270EC6ED206575630018A2A6 /* DrawingsDataStruct.swift */,

			);
			path = Helpers;
			sourceTree = "<group>";
		};
		27080CFB202650D50071FDC0 /* Model */ = {
			isa = PBXGroup;
			children = (
			);
			path = Model;
			sourceTree = "<group>";
		};
		274C033C200EF37900DDAD8D = {
			isa = PBXGroup;
			children = (
				274C0347200EF37900DDAD8D /* PolyPaintPro */,
				274C035C200EF37A00DDAD8D /* PolyPaintProTests */,
				274C0367200EF37A00DDAD8D /* PolyPaintProUITests */,
				274C0346200EF37900DDAD8D /* Products */,
				277EE19F201280D900545404 /* assets */,
				0BDCAE7C2CBB68FB08E581FC /* Pods */,
				966431B930ED8200740432E3 /* Frameworks */,
				BE23A183202D2BF300342007 /* Recovered References */,
			);
			sourceTree = "<group>";
		};
		274C0346200EF37900DDAD8D /* Products */ = {
			isa = PBXGroup;
			children = (
				274C0345200EF37900DDAD8D /* PolyPaintPro.app */,
				274C0359200EF37A00DDAD8D /* PolyPaintProTests.xctest */,
				274C0364200EF37A00DDAD8D /* PolyPaintProUITests.xctest */,
			);
			name = Products;
			sourceTree = "<group>";
		};
		274C0347200EF37900DDAD8D /* PolyPaintPro */ = {
			isa = PBXGroup;
			children = (
				C08BE3FF2056D16800525038 /* Constants */,
				27080CFB202650D50071FDC0 /* Model */,
				27080CF8202650AD0071FDC0 /* Helpers */,
				27080CF72026508F0071FDC0 /* Controller */,
				27080CF6202650250071FDC0 /* View */,
				274C0348200EF37900DDAD8D /* AppDelegate.swift */,
				274C034F200EF37900DDAD8D /* Assets.xcassets */,
				274C034C200EF37900DDAD8D /* Main.storyboard */,
				274C0354200EF37900DDAD8D /* Info.plist */,
				278BEF81200FB79A001CF963 /* LaunchScreen.storyboard */,
			);
			path = PolyPaintPro;
			sourceTree = "<group>";
		};
		274C035C200EF37A00DDAD8D /* PolyPaintProTests */ = {
			isa = PBXGroup;
			children = (
				274C035D200EF37A00DDAD8D /* PolyPaintProTests.swift */,
				274C035F200EF37A00DDAD8D /* Info.plist */,
			);
			path = PolyPaintProTests;
			sourceTree = "<group>";
		};
		274C0367200EF37A00DDAD8D /* PolyPaintProUITests */ = {
			isa = PBXGroup;
			children = (
				274C0368200EF37A00DDAD8D /* PolyPaintProUITests.swift */,
				274C036A200EF37A00DDAD8D /* Info.plist */,
			);
			path = PolyPaintProUITests;
			sourceTree = "<group>";
		};
		966431B930ED8200740432E3 /* Frameworks */ = {
			isa = PBXGroup;
			children = (
				03FBB77A965C181A69459178 /* Pods_PolyPaintPro.framework */,
				0AC961F50C2F7E8CE3CB5B4D /* Pods_PolyPaintProTests.framework */,
				286FF219782A8FA2CE1A8F1A /* Pods_PolyPaintProUITests.framework */,
			);
			name = Frameworks;
			sourceTree = "<group>";
		};
		BE23A183202D2BF300342007 /* Recovered References */ = {
			isa = PBXGroup;
			children = (
				BE4B72A4202CE9A1004205E8 /* AccountManager.swift */,
				BE4B72A2202CE72F004205E8 /* Login.swift */,
			);
			name = "Recovered References";
			sourceTree = "<group>";
		};
		C08BE3FF2056D16800525038 /* Constants */ = {
			isa = PBXGroup;
			children = (
				C08BE4002056D1E200525038 /* Rest.swift */,
				274956052058236D0053DAD4 /* DrawingTypes.swift */,
			);
			path = Constants;
			sourceTree = "<group>";
		};
		C0A5ECC62061C89E007FD989 /* Validators */ = {
			isa = PBXGroup;
			children = (
				C0A5ECC72061C8D4007FD989 /* TextFieldValidator.swift */,
			);
			path = Validators;
			sourceTree = "<group>";
		};
/* End PBXGroup section */

/* Begin PBXNativeTarget section */
		274C0344200EF37900DDAD8D /* PolyPaintPro */ = {
			isa = PBXNativeTarget;
			buildConfigurationList = 274C036D200EF37A00DDAD8D /* Build configuration list for PBXNativeTarget "PolyPaintPro" */;
			buildPhases = (
				B0F11BBA421691E0420CB1B2 /* [CP] Check Pods Manifest.lock */,
				274C0341200EF37900DDAD8D /* Sources */,
				274C0342200EF37900DDAD8D /* Frameworks */,
				274C0343200EF37900DDAD8D /* Resources */,
				BEDB8F94201C0AF500DF9550 /* Run SwiftLint */,
				A62B91FEED341388EC76B68B /* [CP] Embed Pods Frameworks */,
				A1E1AA1BAF370A60BBCBA614 /* [CP] Copy Pods Resources */,
			);
			buildRules = (
			);
			dependencies = (
			);
			name = PolyPaintPro;
			productName = PolyPaintPro;
			productReference = 274C0345200EF37900DDAD8D /* PolyPaintPro.app */;
			productType = "com.apple.product-type.application";
		};
		274C0358200EF37A00DDAD8D /* PolyPaintProTests */ = {
			isa = PBXNativeTarget;
			buildConfigurationList = 274C0370200EF37A00DDAD8D /* Build configuration list for PBXNativeTarget "PolyPaintProTests" */;
			buildPhases = (
				B87418A7607151D632433F69 /* [CP] Check Pods Manifest.lock */,
				274C0355200EF37A00DDAD8D /* Sources */,
				274C0356200EF37A00DDAD8D /* Frameworks */,
				274C0357200EF37A00DDAD8D /* Resources */,
				EEBD1942F6594A0663A65656 /* [CP] Embed Pods Frameworks */,
				8165F693558CDBFFA31230BB /* [CP] Copy Pods Resources */,
			);
			buildRules = (
			);
			dependencies = (
				274C035B200EF37A00DDAD8D /* PBXTargetDependency */,
			);
			name = PolyPaintProTests;
			productName = PolyPaintProTests;
			productReference = 274C0359200EF37A00DDAD8D /* PolyPaintProTests.xctest */;
			productType = "com.apple.product-type.bundle.unit-test";
		};
		274C0363200EF37A00DDAD8D /* PolyPaintProUITests */ = {
			isa = PBXNativeTarget;
			buildConfigurationList = 274C0373200EF37A00DDAD8D /* Build configuration list for PBXNativeTarget "PolyPaintProUITests" */;
			buildPhases = (
				6F97AC081C0EE9E0BCB65BFA /* [CP] Check Pods Manifest.lock */,
				274C0360200EF37A00DDAD8D /* Sources */,
				274C0361200EF37A00DDAD8D /* Frameworks */,
				274C0362200EF37A00DDAD8D /* Resources */,
				B122D609AA5B98F7A04A530E /* [CP] Embed Pods Frameworks */,
				E7B754A8632EF517C9916224 /* [CP] Copy Pods Resources */,
			);
			buildRules = (
			);
			dependencies = (
				274C0366200EF37A00DDAD8D /* PBXTargetDependency */,
			);
			name = PolyPaintProUITests;
			productName = PolyPaintProUITests;
			productReference = 274C0364200EF37A00DDAD8D /* PolyPaintProUITests.xctest */;
			productType = "com.apple.product-type.bundle.ui-testing";
		};
/* End PBXNativeTarget section */

/* Begin PBXProject section */
		274C033D200EF37900DDAD8D /* Project object */ = {
			isa = PBXProject;
			attributes = {
				LastSwiftUpdateCheck = 0920;
				LastUpgradeCheck = 0920;
				ORGANIZATIONNAME = "Les Pods c'est pour les lunchs";
				TargetAttributes = {
					274C0344200EF37900DDAD8D = {
						CreatedOnToolsVersion = 9.2;
						ProvisioningStyle = Automatic;
					};
					274C0358200EF37A00DDAD8D = {
						CreatedOnToolsVersion = 9.2;
						ProvisioningStyle = Automatic;
						TestTargetID = 274C0344200EF37900DDAD8D;
					};
					274C0363200EF37A00DDAD8D = {
						CreatedOnToolsVersion = 9.2;
						ProvisioningStyle = Automatic;
						TestTargetID = 274C0344200EF37900DDAD8D;
					};
				};
			};
			buildConfigurationList = 274C0340200EF37900DDAD8D /* Build configuration list for PBXProject "PolyPaintPro" */;
			compatibilityVersion = "Xcode 8.0";
			developmentRegion = en;
			hasScannedForEncodings = 0;
			knownRegions = (
				en,
				Base,
			);
			mainGroup = 274C033C200EF37900DDAD8D;
			productRefGroup = 274C0346200EF37900DDAD8D /* Products */;
			projectDirPath = "";
			projectRoot = "";
			targets = (
				274C0344200EF37900DDAD8D /* PolyPaintPro */,
				274C0358200EF37A00DDAD8D /* PolyPaintProTests */,
				274C0363200EF37A00DDAD8D /* PolyPaintProUITests */,
			);
		};
/* End PBXProject section */

/* Begin PBXResourcesBuildPhase section */
		274C0343200EF37900DDAD8D /* Resources */ = {
			isa = PBXResourcesBuildPhase;
			buildActionMask = 2147483647;
			files = (
				278BEF82200FB79A001CF963 /* LaunchScreen.storyboard in Resources */,
				277EE1A0201280D900545404 /* assets in Resources */,
				274C0350200EF37900DDAD8D /* Assets.xcassets in Resources */,
				274C034E200EF37900DDAD8D /* Main.storyboard in Resources */,
			);
			runOnlyForDeploymentPostprocessing = 0;
		};
		274C0357200EF37A00DDAD8D /* Resources */ = {
			isa = PBXResourcesBuildPhase;
			buildActionMask = 2147483647;
			files = (
			);
			runOnlyForDeploymentPostprocessing = 0;
		};
		274C0362200EF37A00DDAD8D /* Resources */ = {
			isa = PBXResourcesBuildPhase;
			buildActionMask = 2147483647;
			files = (
			);
			runOnlyForDeploymentPostprocessing = 0;
		};
/* End PBXResourcesBuildPhase section */

/* Begin PBXShellScriptBuildPhase section */
		6F97AC081C0EE9E0BCB65BFA /* [CP] Check Pods Manifest.lock */ = {
			isa = PBXShellScriptBuildPhase;
			buildActionMask = 2147483647;
			files = (
			);
			inputPaths = (
				"${PODS_PODFILE_DIR_PATH}/Podfile.lock",
				"${PODS_ROOT}/Manifest.lock",
			);
			name = "[CP] Check Pods Manifest.lock";
			outputPaths = (
				"$(DERIVED_FILE_DIR)/Pods-PolyPaintProUITests-checkManifestLockResult.txt",
			);
			runOnlyForDeploymentPostprocessing = 0;
			shellPath = /bin/sh;
			shellScript = "diff \"${PODS_PODFILE_DIR_PATH}/Podfile.lock\" \"${PODS_ROOT}/Manifest.lock\" > /dev/null\nif [ $? != 0 ] ; then\n    # print error to STDERR\n    echo \"error: The sandbox is not in sync with the Podfile.lock. Run 'pod install' or update your CocoaPods installation.\" >&2\n    exit 1\nfi\n# This output is used by Xcode 'outputs' to avoid re-running this script phase.\necho \"SUCCESS\" > \"${SCRIPT_OUTPUT_FILE_0}\"\n";
			showEnvVarsInLog = 0;
		};
		8165F693558CDBFFA31230BB /* [CP] Copy Pods Resources */ = {
			isa = PBXShellScriptBuildPhase;
			buildActionMask = 2147483647;
			files = (
			);
			inputPaths = (
			);
			name = "[CP] Copy Pods Resources";
			outputPaths = (
			);
			runOnlyForDeploymentPostprocessing = 0;
			shellPath = /bin/sh;
			shellScript = "\"${SRCROOT}/Pods/Target Support Files/Pods-PolyPaintProTests/Pods-PolyPaintProTests-resources.sh\"\n";
			showEnvVarsInLog = 0;
		};
		A1E1AA1BAF370A60BBCBA614 /* [CP] Copy Pods Resources */ = {
			isa = PBXShellScriptBuildPhase;
			buildActionMask = 2147483647;
			files = (
			);
			inputPaths = (
			);
			name = "[CP] Copy Pods Resources";
			outputPaths = (
			);
			runOnlyForDeploymentPostprocessing = 0;
			shellPath = /bin/sh;
			shellScript = "\"${SRCROOT}/Pods/Target Support Files/Pods-PolyPaintPro/Pods-PolyPaintPro-resources.sh\"\n";
			showEnvVarsInLog = 0;
		};
		A62B91FEED341388EC76B68B /* [CP] Embed Pods Frameworks */ = {
			isa = PBXShellScriptBuildPhase;
			buildActionMask = 2147483647;
			files = (
			);
			inputPaths = (
				"${SRCROOT}/Pods/Target Support Files/Pods-PolyPaintPro/Pods-PolyPaintPro-frameworks.sh",
				"${BUILT_PRODUCTS_DIR}/Alamofire/Alamofire.framework",
				"${BUILT_PRODUCTS_DIR}/PromiseKit/PromiseKit.framework",
				"${BUILT_PRODUCTS_DIR}/Starscream/Starscream.framework",
			);
			name = "[CP] Embed Pods Frameworks";
			outputPaths = (
				"${TARGET_BUILD_DIR}/${FRAMEWORKS_FOLDER_PATH}/Alamofire.framework",
				"${TARGET_BUILD_DIR}/${FRAMEWORKS_FOLDER_PATH}/PromiseKit.framework",
				"${TARGET_BUILD_DIR}/${FRAMEWORKS_FOLDER_PATH}/Starscream.framework",
			);
			runOnlyForDeploymentPostprocessing = 0;
			shellPath = /bin/sh;
			shellScript = "\"${SRCROOT}/Pods/Target Support Files/Pods-PolyPaintPro/Pods-PolyPaintPro-frameworks.sh\"\n";
			showEnvVarsInLog = 0;
		};
		B0F11BBA421691E0420CB1B2 /* [CP] Check Pods Manifest.lock */ = {
			isa = PBXShellScriptBuildPhase;
			buildActionMask = 2147483647;
			files = (
			);
			inputPaths = (
				"${PODS_PODFILE_DIR_PATH}/Podfile.lock",
				"${PODS_ROOT}/Manifest.lock",
			);
			name = "[CP] Check Pods Manifest.lock";
			outputPaths = (
				"$(DERIVED_FILE_DIR)/Pods-PolyPaintPro-checkManifestLockResult.txt",
			);
			runOnlyForDeploymentPostprocessing = 0;
			shellPath = /bin/sh;
			shellScript = "diff \"${PODS_PODFILE_DIR_PATH}/Podfile.lock\" \"${PODS_ROOT}/Manifest.lock\" > /dev/null\nif [ $? != 0 ] ; then\n    # print error to STDERR\n    echo \"error: The sandbox is not in sync with the Podfile.lock. Run 'pod install' or update your CocoaPods installation.\" >&2\n    exit 1\nfi\n# This output is used by Xcode 'outputs' to avoid re-running this script phase.\necho \"SUCCESS\" > \"${SCRIPT_OUTPUT_FILE_0}\"\n";
			showEnvVarsInLog = 0;
		};
		B122D609AA5B98F7A04A530E /* [CP] Embed Pods Frameworks */ = {
			isa = PBXShellScriptBuildPhase;
			buildActionMask = 2147483647;
			files = (
			);
			inputPaths = (
			);
			name = "[CP] Embed Pods Frameworks";
			outputPaths = (
			);
			runOnlyForDeploymentPostprocessing = 0;
			shellPath = /bin/sh;
			shellScript = "\"${SRCROOT}/Pods/Target Support Files/Pods-PolyPaintProUITests/Pods-PolyPaintProUITests-frameworks.sh\"\n";
			showEnvVarsInLog = 0;
		};
		B87418A7607151D632433F69 /* [CP] Check Pods Manifest.lock */ = {
			isa = PBXShellScriptBuildPhase;
			buildActionMask = 2147483647;
			files = (
			);
			inputPaths = (
				"${PODS_PODFILE_DIR_PATH}/Podfile.lock",
				"${PODS_ROOT}/Manifest.lock",
			);
			name = "[CP] Check Pods Manifest.lock";
			outputPaths = (
				"$(DERIVED_FILE_DIR)/Pods-PolyPaintProTests-checkManifestLockResult.txt",
			);
			runOnlyForDeploymentPostprocessing = 0;
			shellPath = /bin/sh;
			shellScript = "diff \"${PODS_PODFILE_DIR_PATH}/Podfile.lock\" \"${PODS_ROOT}/Manifest.lock\" > /dev/null\nif [ $? != 0 ] ; then\n    # print error to STDERR\n    echo \"error: The sandbox is not in sync with the Podfile.lock. Run 'pod install' or update your CocoaPods installation.\" >&2\n    exit 1\nfi\n# This output is used by Xcode 'outputs' to avoid re-running this script phase.\necho \"SUCCESS\" > \"${SCRIPT_OUTPUT_FILE_0}\"\n";
			showEnvVarsInLog = 0;
		};
		BEDB8F94201C0AF500DF9550 /* Run SwiftLint */ = {
			isa = PBXShellScriptBuildPhase;
			buildActionMask = 2147483647;
			files = (
			);
			inputPaths = (
			);
			name = "Run SwiftLint";
			outputPaths = (
			);
			runOnlyForDeploymentPostprocessing = 0;
			shellPath = /bin/sh;
			shellScript = "\"${PODS_ROOT}/SwiftLint/swiftlint\"";
		};
		E7B754A8632EF517C9916224 /* [CP] Copy Pods Resources */ = {
			isa = PBXShellScriptBuildPhase;
			buildActionMask = 2147483647;
			files = (
			);
			inputPaths = (
			);
			name = "[CP] Copy Pods Resources";
			outputPaths = (
			);
			runOnlyForDeploymentPostprocessing = 0;
			shellPath = /bin/sh;
			shellScript = "\"${SRCROOT}/Pods/Target Support Files/Pods-PolyPaintProUITests/Pods-PolyPaintProUITests-resources.sh\"\n";
			showEnvVarsInLog = 0;
		};
		EEBD1942F6594A0663A65656 /* [CP] Embed Pods Frameworks */ = {
			isa = PBXShellScriptBuildPhase;
			buildActionMask = 2147483647;
			files = (
			);
			inputPaths = (
			);
			name = "[CP] Embed Pods Frameworks";
			outputPaths = (
			);
			runOnlyForDeploymentPostprocessing = 0;
			shellPath = /bin/sh;
			shellScript = "\"${SRCROOT}/Pods/Target Support Files/Pods-PolyPaintProTests/Pods-PolyPaintProTests-frameworks.sh\"\n";
			showEnvVarsInLog = 0;
		};
/* End PBXShellScriptBuildPhase section */

/* Begin PBXSourcesBuildPhase section */
		274C0341200EF37900DDAD8D /* Sources */ = {
			isa = PBXSourcesBuildPhase;
			buildActionMask = 2147483647;
			files = (
				C0A5ECC82061C8D4007FD989 /* TextFieldValidator.swift in Sources */,
				BEC3E8A22053159C009639FB /* StrokeEditorViewController.swift in Sources */,
				BE1FCAF02061E40900C57F02 /* SKStroke.swift in Sources */,
				27F2FE2B205765BE006090B5 /* JoinGalleryViewController.swift in Sources */,
				C067AF582059C9990078CF27 /* EditorViewController.swift in Sources */,
				274C034B200EF37900DDAD8D /* PixelEditorViewController.swift in Sources */,
				27080CFA202650CD0071FDC0 /* Extensions.swift in Sources */,
				274956062058236D0053DAD4 /* DrawingTypes.swift in Sources */,
				270EC6EE206575630018A2A6 /* DrawingsDataStruct.swift in Sources */,
				BE426A2120215E3C00FD1C50 /* ChatMessage.swift in Sources */,
				271C1EC7203CC5D70090D6A5 /* DrawingToolsView.swift in Sources */,
				BEC3E8A4205317DE009639FB /* StrokeEditorScene.swift in Sources */,
				2778DAB6205600D400690A65 /* ToolsView.swift in Sources */,
				BE426A1F202102CD00FD1C50 /* SocketManager.swift in Sources */,
				27F2FE2920576591006090B5 /* JoinDrawingViewController.swift in Sources */,
				BE2C90DE202A39B7003C8F1E /* ServerLookup.swift in Sources */,
				27C07AA62050D319006BB8EB /* RecentsViewController.swift in Sources */,
				C08BE4012056D1E200525038 /* Rest.swift in Sources */,
				BE23A18B202D2DC800342007 /* RestManager.swift in Sources */,
				27080CFD2026528E0071FDC0 /* ChatView.swift in Sources */,
				271E38F720572CFC0067BD16 /* NewDrawingViewController.swift in Sources */,
				27F2FE272057656C006090B5 /* OpenLocalDrawingViewController.swift in Sources */,
				C067AF5F205A1A050078CF27 /* Timers.swift in Sources */,
				BE23A18A202D2DC800342007 /* AccountManager.swift in Sources */,
				BE2C90DA2028AEB0003C8F1E /* Timestamp.swift in Sources */,
				BECC087920619D4D0040EB4B /* ActionMessage.swift in Sources */,
				27AD08C7202CF8FD00E7F74F /* LoginViewController.swift in Sources */,
				274C0349200EF37900DDAD8D /* AppDelegate.swift in Sources */,
				BE67C52F206559CF00C2EA77 /* MessageConstants.swift in Sources */,
			);
			runOnlyForDeploymentPostprocessing = 0;
		};
		274C0355200EF37A00DDAD8D /* Sources */ = {
			isa = PBXSourcesBuildPhase;
			buildActionMask = 2147483647;
			files = (
				274C035E200EF37A00DDAD8D /* PolyPaintProTests.swift in Sources */,
			);
			runOnlyForDeploymentPostprocessing = 0;
		};
		274C0360200EF37A00DDAD8D /* Sources */ = {
			isa = PBXSourcesBuildPhase;
			buildActionMask = 2147483647;
			files = (
				274C0369200EF37A00DDAD8D /* PolyPaintProUITests.swift in Sources */,
			);
			runOnlyForDeploymentPostprocessing = 0;
		};
/* End PBXSourcesBuildPhase section */

/* Begin PBXTargetDependency section */
		274C035B200EF37A00DDAD8D /* PBXTargetDependency */ = {
			isa = PBXTargetDependency;
			target = 274C0344200EF37900DDAD8D /* PolyPaintPro */;
			targetProxy = 274C035A200EF37A00DDAD8D /* PBXContainerItemProxy */;
		};
		274C0366200EF37A00DDAD8D /* PBXTargetDependency */ = {
			isa = PBXTargetDependency;
			target = 274C0344200EF37900DDAD8D /* PolyPaintPro */;
			targetProxy = 274C0365200EF37A00DDAD8D /* PBXContainerItemProxy */;
		};
/* End PBXTargetDependency section */

/* Begin PBXVariantGroup section */
		274C034C200EF37900DDAD8D /* Main.storyboard */ = {
			isa = PBXVariantGroup;
			children = (
				274C034D200EF37900DDAD8D /* Base */,
			);
			name = Main.storyboard;
			sourceTree = "<group>";
		};
/* End PBXVariantGroup section */

/* Begin XCBuildConfiguration section */
		274C036B200EF37A00DDAD8D /* Debug */ = {
			isa = XCBuildConfiguration;
			buildSettings = {
				ALWAYS_SEARCH_USER_PATHS = NO;
				CLANG_ANALYZER_NONNULL = YES;
				CLANG_ANALYZER_NUMBER_OBJECT_CONVERSION = YES_AGGRESSIVE;
				CLANG_CXX_LANGUAGE_STANDARD = "gnu++14";
				CLANG_CXX_LIBRARY = "libc++";
				CLANG_ENABLE_MODULES = YES;
				CLANG_ENABLE_OBJC_ARC = YES;
				CLANG_WARN_BLOCK_CAPTURE_AUTORELEASING = YES;
				CLANG_WARN_BOOL_CONVERSION = YES;
				CLANG_WARN_COMMA = YES;
				CLANG_WARN_CONSTANT_CONVERSION = YES;
				CLANG_WARN_DIRECT_OBJC_ISA_USAGE = YES_ERROR;
				CLANG_WARN_DOCUMENTATION_COMMENTS = YES;
				CLANG_WARN_EMPTY_BODY = YES;
				CLANG_WARN_ENUM_CONVERSION = YES;
				CLANG_WARN_INFINITE_RECURSION = YES;
				CLANG_WARN_INT_CONVERSION = YES;
				CLANG_WARN_NON_LITERAL_NULL_CONVERSION = YES;
				CLANG_WARN_OBJC_LITERAL_CONVERSION = YES;
				CLANG_WARN_OBJC_ROOT_CLASS = YES_ERROR;
				CLANG_WARN_RANGE_LOOP_ANALYSIS = YES;
				CLANG_WARN_STRICT_PROTOTYPES = YES;
				CLANG_WARN_SUSPICIOUS_MOVE = YES;
				CLANG_WARN_UNGUARDED_AVAILABILITY = YES_AGGRESSIVE;
				CLANG_WARN_UNREACHABLE_CODE = YES;
				CLANG_WARN__DUPLICATE_METHOD_MATCH = YES;
				CODE_SIGN_IDENTITY = "iPhone Developer";
				COPY_PHASE_STRIP = NO;
				DEBUG_INFORMATION_FORMAT = dwarf;
				ENABLE_STRICT_OBJC_MSGSEND = YES;
				ENABLE_TESTABILITY = YES;
				GCC_C_LANGUAGE_STANDARD = gnu11;
				GCC_DYNAMIC_NO_PIC = NO;
				GCC_NO_COMMON_BLOCKS = YES;
				GCC_OPTIMIZATION_LEVEL = 0;
				GCC_PREPROCESSOR_DEFINITIONS = (
					"DEBUG=1",
					"$(inherited)",
				);
				GCC_WARN_64_TO_32_BIT_CONVERSION = YES;
				GCC_WARN_ABOUT_RETURN_TYPE = YES_ERROR;
				GCC_WARN_UNDECLARED_SELECTOR = YES;
				GCC_WARN_UNINITIALIZED_AUTOS = YES_AGGRESSIVE;
				GCC_WARN_UNUSED_FUNCTION = YES;
				GCC_WARN_UNUSED_VARIABLE = YES;
				IPHONEOS_DEPLOYMENT_TARGET = 11.2;
				MTL_ENABLE_DEBUG_INFO = YES;
				ONLY_ACTIVE_ARCH = YES;
				SDKROOT = iphoneos;
				SWIFT_ACTIVE_COMPILATION_CONDITIONS = DEBUG;
				SWIFT_OPTIMIZATION_LEVEL = "-Onone";
				SWIFT_VERSION = 4.0;
			};
			name = Debug;
		};
		274C036C200EF37A00DDAD8D /* Release */ = {
			isa = XCBuildConfiguration;
			buildSettings = {
				ALWAYS_SEARCH_USER_PATHS = NO;
				CLANG_ANALYZER_NONNULL = YES;
				CLANG_ANALYZER_NUMBER_OBJECT_CONVERSION = YES_AGGRESSIVE;
				CLANG_CXX_LANGUAGE_STANDARD = "gnu++14";
				CLANG_CXX_LIBRARY = "libc++";
				CLANG_ENABLE_MODULES = YES;
				CLANG_ENABLE_OBJC_ARC = YES;
				CLANG_WARN_BLOCK_CAPTURE_AUTORELEASING = YES;
				CLANG_WARN_BOOL_CONVERSION = YES;
				CLANG_WARN_COMMA = YES;
				CLANG_WARN_CONSTANT_CONVERSION = YES;
				CLANG_WARN_DIRECT_OBJC_ISA_USAGE = YES_ERROR;
				CLANG_WARN_DOCUMENTATION_COMMENTS = YES;
				CLANG_WARN_EMPTY_BODY = YES;
				CLANG_WARN_ENUM_CONVERSION = YES;
				CLANG_WARN_INFINITE_RECURSION = YES;
				CLANG_WARN_INT_CONVERSION = YES;
				CLANG_WARN_NON_LITERAL_NULL_CONVERSION = YES;
				CLANG_WARN_OBJC_LITERAL_CONVERSION = YES;
				CLANG_WARN_OBJC_ROOT_CLASS = YES_ERROR;
				CLANG_WARN_RANGE_LOOP_ANALYSIS = YES;
				CLANG_WARN_STRICT_PROTOTYPES = YES;
				CLANG_WARN_SUSPICIOUS_MOVE = YES;
				CLANG_WARN_UNGUARDED_AVAILABILITY = YES_AGGRESSIVE;
				CLANG_WARN_UNREACHABLE_CODE = YES;
				CLANG_WARN__DUPLICATE_METHOD_MATCH = YES;
				CODE_SIGN_IDENTITY = "iPhone Developer";
				COPY_PHASE_STRIP = NO;
				DEBUG_INFORMATION_FORMAT = "dwarf-with-dsym";
				ENABLE_NS_ASSERTIONS = NO;
				ENABLE_STRICT_OBJC_MSGSEND = YES;
				GCC_C_LANGUAGE_STANDARD = gnu11;
				GCC_NO_COMMON_BLOCKS = YES;
				GCC_WARN_64_TO_32_BIT_CONVERSION = YES;
				GCC_WARN_ABOUT_RETURN_TYPE = YES_ERROR;
				GCC_WARN_UNDECLARED_SELECTOR = YES;
				GCC_WARN_UNINITIALIZED_AUTOS = YES_AGGRESSIVE;
				GCC_WARN_UNUSED_FUNCTION = YES;
				GCC_WARN_UNUSED_VARIABLE = YES;
				IPHONEOS_DEPLOYMENT_TARGET = 11.2;
				MTL_ENABLE_DEBUG_INFO = NO;
				SDKROOT = iphoneos;
				SWIFT_OPTIMIZATION_LEVEL = "-Owholemodule";
				SWIFT_VERSION = 4.0;
				VALIDATE_PRODUCT = YES;
			};
			name = Release;
		};
		274C036E200EF37A00DDAD8D /* Debug */ = {
			isa = XCBuildConfiguration;
			baseConfigurationReference = 5018986DF83B4B9BB3B17B98 /* Pods-PolyPaintPro.debug.xcconfig */;
			buildSettings = {
				ASSETCATALOG_COMPILER_APPICON_NAME = AppIcon;
				ASSETCATALOG_COMPILER_LAUNCHIMAGE_NAME = LaunchImage;
				CODE_SIGN_STYLE = Automatic;
				DEVELOPMENT_TEAM = XZX28227E3;
				INFOPLIST_FILE = PolyPaintPro/Info.plist;
				IPHONEOS_DEPLOYMENT_TARGET = 9.2;
				LD_RUNPATH_SEARCH_PATHS = "$(inherited) @executable_path/Frameworks";
				PRODUCT_BUNDLE_IDENTIFIER = com.frederic.fruiter.PolyPaintPro;
				PRODUCT_NAME = "$(TARGET_NAME)";
				SWIFT_VERSION = 4.0;
				TARGETED_DEVICE_FAMILY = "1,2";
			};
			name = Debug;
		};
		274C036F200EF37A00DDAD8D /* Release */ = {
			isa = XCBuildConfiguration;
			baseConfigurationReference = E10C1B5411A3AD25B25EAA1B /* Pods-PolyPaintPro.release.xcconfig */;
			buildSettings = {
				ASSETCATALOG_COMPILER_APPICON_NAME = AppIcon;
				ASSETCATALOG_COMPILER_LAUNCHIMAGE_NAME = LaunchImage;
				CODE_SIGN_STYLE = Automatic;
				DEVELOPMENT_TEAM = XZX28227E3;
				INFOPLIST_FILE = PolyPaintPro/Info.plist;
				IPHONEOS_DEPLOYMENT_TARGET = 9.2;
				LD_RUNPATH_SEARCH_PATHS = "$(inherited) @executable_path/Frameworks";
				PRODUCT_BUNDLE_IDENTIFIER = com.frederic.fruiter.PolyPaintPro;
				PRODUCT_NAME = "$(TARGET_NAME)";
				SWIFT_VERSION = 4.0;
				TARGETED_DEVICE_FAMILY = "1,2";
			};
			name = Release;
		};
		274C0371200EF37A00DDAD8D /* Debug */ = {
			isa = XCBuildConfiguration;
			baseConfigurationReference = 4D43B83FC6843C82E02F9864 /* Pods-PolyPaintProTests.debug.xcconfig */;
			buildSettings = {
				ALWAYS_EMBED_SWIFT_STANDARD_LIBRARIES = YES;
				BUNDLE_LOADER = "$(TEST_HOST)";
				CODE_SIGN_STYLE = Automatic;
				DEVELOPMENT_TEAM = XZX28227E3;
				INFOPLIST_FILE = PolyPaintProTests/Info.plist;
				LD_RUNPATH_SEARCH_PATHS = "$(inherited) @executable_path/Frameworks @loader_path/Frameworks";
				PRODUCT_BUNDLE_IDENTIFIER = com.frederic.fruiter.PolyPaintProTests;
				PRODUCT_NAME = "$(TARGET_NAME)";
				SWIFT_VERSION = 4.0;
				TARGETED_DEVICE_FAMILY = "1,2";
				TEST_HOST = "$(BUILT_PRODUCTS_DIR)/PolyPaintPro.app/PolyPaintPro";
			};
			name = Debug;
		};
		274C0372200EF37A00DDAD8D /* Release */ = {
			isa = XCBuildConfiguration;
			baseConfigurationReference = 5BC84467F4E78A5C51D80C35 /* Pods-PolyPaintProTests.release.xcconfig */;
			buildSettings = {
				ALWAYS_EMBED_SWIFT_STANDARD_LIBRARIES = YES;
				BUNDLE_LOADER = "$(TEST_HOST)";
				CODE_SIGN_STYLE = Automatic;
				DEVELOPMENT_TEAM = XZX28227E3;
				INFOPLIST_FILE = PolyPaintProTests/Info.plist;
				LD_RUNPATH_SEARCH_PATHS = "$(inherited) @executable_path/Frameworks @loader_path/Frameworks";
				PRODUCT_BUNDLE_IDENTIFIER = com.frederic.fruiter.PolyPaintProTests;
				PRODUCT_NAME = "$(TARGET_NAME)";
				SWIFT_VERSION = 4.0;
				TARGETED_DEVICE_FAMILY = "1,2";
				TEST_HOST = "$(BUILT_PRODUCTS_DIR)/PolyPaintPro.app/PolyPaintPro";
			};
			name = Release;
		};
		274C0374200EF37A00DDAD8D /* Debug */ = {
			isa = XCBuildConfiguration;
			baseConfigurationReference = 3200A611B497DF6670D12C3E /* Pods-PolyPaintProUITests.debug.xcconfig */;
			buildSettings = {
				ALWAYS_EMBED_SWIFT_STANDARD_LIBRARIES = YES;
				CODE_SIGN_STYLE = Automatic;
				DEVELOPMENT_TEAM = XZX28227E3;
				INFOPLIST_FILE = PolyPaintProUITests/Info.plist;
				LD_RUNPATH_SEARCH_PATHS = "$(inherited) @executable_path/Frameworks @loader_path/Frameworks";
				PRODUCT_BUNDLE_IDENTIFIER = com.frederic.fruiter.PolyPaintProUITests;
				PRODUCT_NAME = "$(TARGET_NAME)";
				SWIFT_VERSION = 4.0;
				TARGETED_DEVICE_FAMILY = "1,2";
				TEST_TARGET_NAME = PolyPaintPro;
			};
			name = Debug;
		};
		274C0375200EF37A00DDAD8D /* Release */ = {
			isa = XCBuildConfiguration;
			baseConfigurationReference = 015D343163E1C763189C09CE /* Pods-PolyPaintProUITests.release.xcconfig */;
			buildSettings = {
				ALWAYS_EMBED_SWIFT_STANDARD_LIBRARIES = YES;
				CODE_SIGN_STYLE = Automatic;
				DEVELOPMENT_TEAM = XZX28227E3;
				INFOPLIST_FILE = PolyPaintProUITests/Info.plist;
				LD_RUNPATH_SEARCH_PATHS = "$(inherited) @executable_path/Frameworks @loader_path/Frameworks";
				PRODUCT_BUNDLE_IDENTIFIER = com.frederic.fruiter.PolyPaintProUITests;
				PRODUCT_NAME = "$(TARGET_NAME)";
				SWIFT_VERSION = 4.0;
				TARGETED_DEVICE_FAMILY = "1,2";
				TEST_TARGET_NAME = PolyPaintPro;
			};
			name = Release;
		};
/* End XCBuildConfiguration section */

/* Begin XCConfigurationList section */
		274C0340200EF37900DDAD8D /* Build configuration list for PBXProject "PolyPaintPro" */ = {
			isa = XCConfigurationList;
			buildConfigurations = (
				274C036B200EF37A00DDAD8D /* Debug */,
				274C036C200EF37A00DDAD8D /* Release */,
			);
			defaultConfigurationIsVisible = 0;
			defaultConfigurationName = Release;
		};
		274C036D200EF37A00DDAD8D /* Build configuration list for PBXNativeTarget "PolyPaintPro" */ = {
			isa = XCConfigurationList;
			buildConfigurations = (
				274C036E200EF37A00DDAD8D /* Debug */,
				274C036F200EF37A00DDAD8D /* Release */,
			);
			defaultConfigurationIsVisible = 0;
			defaultConfigurationName = Release;
		};
		274C0370200EF37A00DDAD8D /* Build configuration list for PBXNativeTarget "PolyPaintProTests" */ = {
			isa = XCConfigurationList;
			buildConfigurations = (
				274C0371200EF37A00DDAD8D /* Debug */,
				274C0372200EF37A00DDAD8D /* Release */,
			);
			defaultConfigurationIsVisible = 0;
			defaultConfigurationName = Release;
		};
		274C0373200EF37A00DDAD8D /* Build configuration list for PBXNativeTarget "PolyPaintProUITests" */ = {
			isa = XCConfigurationList;
			buildConfigurations = (
				274C0374200EF37A00DDAD8D /* Debug */,
				274C0375200EF37A00DDAD8D /* Release */,
			);
			defaultConfigurationIsVisible = 0;
			defaultConfigurationName = Release;
		};
/* End XCConfigurationList section */
	};
	rootObject = 274C033D200EF37900DDAD8D /* Project object */;
}
