
Microsoft Visual Studio Solution File, Format Version 12.00
# Visual Studio 15
VisualStudioVersion = 15.0.26730.16
MinimumVisualStudioVersion = 10.0.40219.1
Project("{FAE04EC0-301F-11D3-BF4B-00C04F79EFBC}") = "PolyPaint", "PolyPaint\PolyPaint.csproj", "{AA1204D0-59EF-4254-BF1A-87DF67980AAD}"
EndProject
Global
	GlobalSection(SolutionConfigurationPlatforms) = preSolution
		Debug|Any CPU = Debug|Any CPU
		Release|Any CPU = Release|Any CPU
	EndGlobalSection
	GlobalSection(ProjectConfigurationPlatforms) = postSolution
		{AA1204D0-59EF-4254-BF1A-87DF67980AAD}.Debug|Any CPU.ActiveCfg = Debug|Any CPU
		{AA1204D0-59EF-4254-BF1A-87DF67980AAD}.Debug|Any CPU.Build.0 = Debug|Any CPU
		{AA1204D0-59EF-4254-BF1A-87DF67980AAD}.Release|Any CPU.ActiveCfg = Release|Any CPU
		{AA1204D0-59EF-4254-BF1A-87DF67980AAD}.Release|Any CPU.Build.0 = Release|Any CPU
	EndGlobalSection
	GlobalSection(SolutionProperties) = preSolution
		HideSolutionNode = FALSE
	EndGlobalSection
	GlobalSection(ExtensibilityGlobals) = postSolution
		SolutionGuid = {5E65A2E5-DBFC-4D23-96C6-AA3DD1AD31CF}
	EndGlobalSection
EndGlobal
